
Microsoft Visual Studio Solution File, Format Version 12.00
# Visual Studio Version 16
VisualStudioVersion = 16.0.31019.35
MinimumVisualStudioVersion = 10.0.40219.1
Project("{FAE04EC0-301F-11D3-BF4B-00C04F79EFBC}") = "Propiedades", "Propiedades\Propiedades.csproj", "{5EAD74A1-3CC1-49A4-BC29-918E452FF1BB}"
EndProject
Global
	GlobalSection(SolutionConfigurationPlatforms) = preSolution
		Debug|Any CPU = Debug|Any CPU
		Release|Any CPU = Release|Any CPU
	EndGlobalSection
	GlobalSection(ProjectConfigurationPlatforms) = postSolution
		{5EAD74A1-3CC1-49A4-BC29-918E452FF1BB}.Debug|Any CPU.ActiveCfg = Debug|Any CPU
		{5EAD74A1-3CC1-49A4-BC29-918E452FF1BB}.Debug|Any CPU.Build.0 = Debug|Any CPU
		{5EAD74A1-3CC1-49A4-BC29-918E452FF1BB}.Release|Any CPU.ActiveCfg = Release|Any CPU
		{5EAD74A1-3CC1-49A4-BC29-918E452FF1BB}.Release|Any CPU.Build.0 = Release|Any CPU
	EndGlobalSection
	GlobalSection(SolutionProperties) = preSolution
		HideSolutionNode = FALSE
	EndGlobalSection
	GlobalSection(ExtensibilityGlobals) = postSolution
		SolutionGuid = {D9FED179-29DC-4CCE-BF2B-C66DE849B3CD}
	EndGlobalSection
EndGlobal
